
Microsoft Visual Studio Solution File, Format Version 11.00
# Visual Studio 2010
Project("{F14B399A-7131-4C87-9E4B-1186C45EF12D}") = "DataProfilingReports", "DataProfilingReports.rptproj", "{8BDB7CA0-A5CD-4924-AA36-188C48F23699}"
EndProject
Global
	GlobalSection(SolutionConfigurationPlatforms) = preSolution
		Debug|Default = Debug|Default
		DebugLocal|Default = DebugLocal|Default
		Release|Default = Release|Default
	EndGlobalSection
	GlobalSection(ProjectConfigurationPlatforms) = postSolution
		{8BDB7CA0-A5CD-4924-AA36-188C48F23699}.Debug|Default.ActiveCfg = Debug
		{8BDB7CA0-A5CD-4924-AA36-188C48F23699}.Debug|Default.Build.0 = DebugLocal
		{8BDB7CA0-A5CD-4924-AA36-188C48F23699}.Debug|Default.Deploy.0 = DebugLocal
		{8BDB7CA0-A5CD-4924-AA36-188C48F23699}.DebugLocal|Default.ActiveCfg = DebugLocal
		{8BDB7CA0-A5CD-4924-AA36-188C48F23699}.DebugLocal|Default.Build.0 = DebugLocal
		{8BDB7CA0-A5CD-4924-AA36-188C48F23699}.Release|Default.ActiveCfg = Release
		{8BDB7CA0-A5CD-4924-AA36-188C48F23699}.Release|Default.Build.0 = Release
		{8BDB7CA0-A5CD-4924-AA36-188C48F23699}.Release|Default.Deploy.0 = Release
	EndGlobalSection
	GlobalSection(SolutionProperties) = preSolution
		HideSolutionNode = FALSE
	EndGlobalSection
EndGlobal
